
Microsoft Visual Studio Solution File, Format Version 12.00
# Visual Studio Version 16
VisualStudioVersion = 16.0.31911.196
MinimumVisualStudioVersion = 10.0.40219.1
Project("{FAE04EC0-301F-11D3-BF4B-00C04F79EFBC}") = "Component_1", "Component_1\Component_1.csproj", "{0367F9FA-741B-4E72-A9C3-D0FB12E99E40}"
EndProject
Project("{FAE04EC0-301F-11D3-BF4B-00C04F79EFBC}") = "UnitTestProject", "UnitTestProject\UnitTestProject.csproj", "{3E12FBB3-21D3-442C-BA6D-1978E47C422D}"
EndProject
Global
	GlobalSection(SolutionConfigurationPlatforms) = preSolution
		Debug|Any CPU = Debug|Any CPU
		Release|Any CPU = Release|Any CPU
	EndGlobalSection
	GlobalSection(ProjectConfigurationPlatforms) = postSolution
		{0367F9FA-741B-4E72-A9C3-D0FB12E99E40}.Debug|Any CPU.ActiveCfg = Debug|Any CPU
		{0367F9FA-741B-4E72-A9C3-D0FB12E99E40}.Debug|Any CPU.Build.0 = Debug|Any CPU
		{0367F9FA-741B-4E72-A9C3-D0FB12E99E40}.Release|Any CPU.ActiveCfg = Release|Any CPU
		{0367F9FA-741B-4E72-A9C3-D0FB12E99E40}.Release|Any CPU.Build.0 = Release|Any CPU
		{3E12FBB3-21D3-442C-BA6D-1978E47C422D}.Debug|Any CPU.ActiveCfg = Debug|Any CPU
		{3E12FBB3-21D3-442C-BA6D-1978E47C422D}.Debug|Any CPU.Build.0 = Debug|Any CPU
		{3E12FBB3-21D3-442C-BA6D-1978E47C422D}.Release|Any CPU.ActiveCfg = Release|Any CPU
		{3E12FBB3-21D3-442C-BA6D-1978E47C422D}.Release|Any CPU.Build.0 = Release|Any CPU
	EndGlobalSection
	GlobalSection(SolutionProperties) = preSolution
		HideSolutionNode = FALSE
	EndGlobalSection
	GlobalSection(ExtensibilityGlobals) = postSolution
		SolutionGuid = {A6F59269-0C47-490A-8DFC-AB7C9D345ACA}
	EndGlobalSection
EndGlobal
